// !$*UTF8*$!
{
	archiveVersion = 1;
	classes = {
	};
	objectVersion = 55;
	objects = {

/* Begin PBXBuildFile section */
		FA163DCC28137E770072D9FE /* Preview Assets.xcassets in Resources */ = {isa = PBXBuildFile; fileRef = FA163DCB28137E770072D9FE /* Preview Assets.xcassets */; };
		FA163DD628137E770072D9FE /* PTGamblingTrackerTests.swift in Sources */ = {isa = PBXBuildFile; fileRef = FA163DD528137E770072D9FE /* PTGamblingTrackerTests.swift */; };
		FADFFA3328137FE50066A4D6 /* PTGamblingTrackerApp.swift in Sources */ = {isa = PBXBuildFile; fileRef = FADFFA3128137FE50066A4D6 /* PTGamblingTrackerApp.swift */; };
		FADFFA3428137FE50066A4D6 /* ContentView.swift in Sources */ = {isa = PBXBuildFile; fileRef = FADFFA3228137FE50066A4D6 /* ContentView.swift */; };
		FADFFA3628137FEB0066A4D6 /* ScaleOfPTView.swift in Sources */ = {isa = PBXBuildFile; fileRef = FADFFA3528137FEB0066A4D6 /* ScaleOfPTView.swift */; };
		FADFFA392813807E0066A4D6 /* PTImage.swift in Sources */ = {isa = PBXBuildFile; fileRef = FADFFA382813807E0066A4D6 /* PTImage.swift */; };
		FADFFA3C2813819B0066A4D6 /* Assets.xcassets in Resources */ = {isa = PBXBuildFile; fileRef = FADFFA3B2813819B0066A4D6 /* Assets.xcassets */; };
		FADFFA3F281384E70066A4D6 /* BetsView.swift in Sources */ = {isa = PBXBuildFile; fileRef = FADFFA3E281384E70066A4D6 /* BetsView.swift */; };
		FADFFA41281384ED0066A4D6 /* BetsViewModel.swift in Sources */ = {isa = PBXBuildFile; fileRef = FADFFA40281384ED0066A4D6 /* BetsViewModel.swift */; };
		FADFFA442813858B0066A4D6 /* SwinjectAutoregistration in Frameworks */ = {isa = PBXBuildFile; productRef = FADFFA432813858B0066A4D6 /* SwinjectAutoregistration */; };
		FADFFA4B281385A40066A4D6 /* SingletonService.swift in Sources */ = {isa = PBXBuildFile; fileRef = FADFFA47281385A40066A4D6 /* SingletonService.swift */; };
		FADFFA4C281385A40066A4D6 /* GenericFactory.swift in Sources */ = {isa = PBXBuildFile; fileRef = FADFFA48281385A40066A4D6 /* GenericFactory.swift */; };
		FADFFA4D281385A40066A4D6 /* ErrorService.swift in Sources */ = {isa = PBXBuildFile; fileRef = FADFFA49281385A40066A4D6 /* ErrorService.swift */; };
		FADFFA4E281385A40066A4D6 /* IOC.swift in Sources */ = {isa = PBXBuildFile; fileRef = FADFFA4A281385A40066A4D6 /* IOC.swift */; };
/* End PBXBuildFile section */

/* Begin PBXContainerItemProxy section */
		FA163DD228137E770072D9FE /* PBXContainerItemProxy */ = {
			isa = PBXContainerItemProxy;
			containerPortal = FA163DB928137E770072D9FE /* Project object */;
			proxyType = 1;
			remoteGlobalIDString = FA163DC028137E770072D9FE;
			remoteInfo = PTGamblingTracker;
		};
/* End PBXContainerItemProxy section */

/* Begin PBXFileReference section */
		FA163DC128137E770072D9FE /* PTGamblingTracker.app */ = {isa = PBXFileReference; explicitFileType = wrapper.application; includeInIndex = 0; path = PTGamblingTracker.app; sourceTree = BUILT_PRODUCTS_DIR; };
		FA163DCB28137E770072D9FE /* Preview Assets.xcassets */ = {isa = PBXFileReference; lastKnownFileType = folder.assetcatalog; path = "Preview Assets.xcassets"; sourceTree = "<group>"; };
		FA163DD128137E770072D9FE /* PTGamblingTrackerTests.xctest */ = {isa = PBXFileReference; explicitFileType = wrapper.cfbundle; includeInIndex = 0; path = PTGamblingTrackerTests.xctest; sourceTree = BUILT_PRODUCTS_DIR; };
		FA163DD528137E770072D9FE /* PTGamblingTrackerTests.swift */ = {isa = PBXFileReference; lastKnownFileType = sourcecode.swift; path = PTGamblingTrackerTests.swift; sourceTree = "<group>"; };
		FADFFA3128137FE50066A4D6 /* PTGamblingTrackerApp.swift */ = {isa = PBXFileReference; fileEncoding = 4; lastKnownFileType = sourcecode.swift; path = PTGamblingTrackerApp.swift; sourceTree = "<group>"; };
		FADFFA3228137FE50066A4D6 /* ContentView.swift */ = {isa = PBXFileReference; fileEncoding = 4; lastKnownFileType = sourcecode.swift; path = ContentView.swift; sourceTree = "<group>"; };
		FADFFA3528137FEB0066A4D6 /* ScaleOfPTView.swift */ = {isa = PBXFileReference; lastKnownFileType = sourcecode.swift; path = ScaleOfPTView.swift; sourceTree = "<group>"; };
		FADFFA382813807E0066A4D6 /* PTImage.swift */ = {isa = PBXFileReference; lastKnownFileType = sourcecode.swift; path = PTImage.swift; sourceTree = "<group>"; };
		FADFFA3B2813819B0066A4D6 /* Assets.xcassets */ = {isa = PBXFileReference; lastKnownFileType = folder.assetcatalog; path = Assets.xcassets; sourceTree = "<group>"; };
		FADFFA3E281384E70066A4D6 /* BetsView.swift */ = {isa = PBXFileReference; lastKnownFileType = sourcecode.swift; path = BetsView.swift; sourceTree = "<group>"; };
		FADFFA40281384ED0066A4D6 /* BetsViewModel.swift */ = {isa = PBXFileReference; lastKnownFileType = sourcecode.swift; path = BetsViewModel.swift; sourceTree = "<group>"; };
		FADFFA47281385A40066A4D6 /* SingletonService.swift */ = {isa = PBXFileReference; fileEncoding = 4; lastKnownFileType = sourcecode.swift; path = SingletonService.swift; sourceTree = "<group>"; };
		FADFFA48281385A40066A4D6 /* GenericFactory.swift */ = {isa = PBXFileReference; fileEncoding = 4; lastKnownFileType = sourcecode.swift; path = GenericFactory.swift; sourceTree = "<group>"; };
		FADFFA49281385A40066A4D6 /* ErrorService.swift */ = {isa = PBXFileReference; fileEncoding = 4; lastKnownFileType = sourcecode.swift; path = ErrorService.swift; sourceTree = "<group>"; };
		FADFFA4A281385A40066A4D6 /* IOC.swift */ = {isa = PBXFileReference; fileEncoding = 4; lastKnownFileType = sourcecode.swift; path = IOC.swift; sourceTree = "<group>"; };
/* End PBXFileReference section */

/* Begin PBXFrameworksBuildPhase section */
		FA163DBE28137E770072D9FE /* Frameworks */ = {
			isa = PBXFrameworksBuildPhase;
			buildActionMask = 2147483647;
			files = (
				FADFFA442813858B0066A4D6 /* SwinjectAutoregistration in Frameworks */,
			);
			runOnlyForDeploymentPostprocessing = 0;
		};
		FA163DCE28137E770072D9FE /* Frameworks */ = {
			isa = PBXFrameworksBuildPhase;
			buildActionMask = 2147483647;
			files = (
			);
			runOnlyForDeploymentPostprocessing = 0;
		};
/* End PBXFrameworksBuildPhase section */

/* Begin PBXGroup section */
		FA163DB828137E770072D9FE = {
			isa = PBXGroup;
			children = (
				FA163DC328137E770072D9FE /* PTGamblingTracker */,
				FA163DD428137E770072D9FE /* PTGamblingTrackerTests */,
				FA163DC228137E770072D9FE /* Products */,
			);
			sourceTree = "<group>";
		};
		FA163DC228137E770072D9FE /* Products */ = {
			isa = PBXGroup;
			children = (
				FA163DC128137E770072D9FE /* PTGamblingTracker.app */,
				FA163DD128137E770072D9FE /* PTGamblingTrackerTests.xctest */,
			);
			name = Products;
			sourceTree = "<group>";
		};
		FA163DC328137E770072D9FE /* PTGamblingTracker */ = {
			isa = PBXGroup;
			children = (
				FADFFA3A2813819B0066A4D6 /* Resources */,
				FADFFA37281380680066A4D6 /* Model */,
				FA163DEE28137E9F0072D9FE /* Scene */,
				FADFFA45281385A40066A4D6 /* Service */,
				FA163DCA28137E770072D9FE /* Preview Content */,
			);
			path = PTGamblingTracker;
			sourceTree = "<group>";
		};
		FA163DCA28137E770072D9FE /* Preview Content */ = {
			isa = PBXGroup;
			children = (
				FA163DCB28137E770072D9FE /* Preview Assets.xcassets */,
			);
			path = "Preview Content";
			sourceTree = "<group>";
		};
		FA163DD428137E770072D9FE /* PTGamblingTrackerTests */ = {
			isa = PBXGroup;
			children = (
				FA163DD528137E770072D9FE /* PTGamblingTrackerTests.swift */,
			);
			path = PTGamblingTrackerTests;
			sourceTree = "<group>";
		};
		FA163DEE28137E9F0072D9FE /* Scene */ = {
			isa = PBXGroup;
			children = (
				FADFFA3028137FE50066A4D6 /* App */,
				FADFFA3D281384DB0066A4D6 /* Bets */,
				FA163DF428137FCE0072D9FE /* Scale */,
			);
			path = Scene;
			sourceTree = "<group>";
		};
		FA163DF428137FCE0072D9FE /* Scale */ = {
			isa = PBXGroup;
			children = (
				FADFFA3528137FEB0066A4D6 /* ScaleOfPTView.swift */,
			);
			path = Scale;
			sourceTree = "<group>";
		};
		FADFFA3028137FE50066A4D6 /* App */ = {
			isa = PBXGroup;
			children = (
				FADFFA3128137FE50066A4D6 /* PTGamblingTrackerApp.swift */,
				FADFFA3228137FE50066A4D6 /* ContentView.swift */,
			);
			path = App;
			sourceTree = "<group>";
		};
		FADFFA37281380680066A4D6 /* Model */ = {
			isa = PBXGroup;
			children = (
				FADFFA382813807E0066A4D6 /* PTImage.swift */,
			);
			path = Model;
			sourceTree = "<group>";
		};
		FADFFA3A2813819B0066A4D6 /* Resources */ = {
			isa = PBXGroup;
			children = (
				FADFFA3B2813819B0066A4D6 /* Assets.xcassets */,
			);
			path = Resources;
			sourceTree = "<group>";
		};
		FADFFA3D281384DB0066A4D6 /* Bets */ = {
			isa = PBXGroup;
			children = (
				FADFFA3E281384E70066A4D6 /* BetsView.swift */,
				FADFFA40281384ED0066A4D6 /* BetsViewModel.swift */,
			);
			path = Bets;
			sourceTree = "<group>";
		};
		FADFFA45281385A40066A4D6 /* Service */ = {
			isa = PBXGroup;
			children = (
				FADFFA46281385A40066A4D6 /* App */,
			);
			path = Service;
			sourceTree = "<group>";
		};
		FADFFA46281385A40066A4D6 /* App */ = {
			isa = PBXGroup;
			children = (
				FADFFA47281385A40066A4D6 /* SingletonService.swift */,
				FADFFA48281385A40066A4D6 /* GenericFactory.swift */,
				FADFFA49281385A40066A4D6 /* ErrorService.swift */,
				FADFFA4A281385A40066A4D6 /* IOC.swift */,
			);
			path = App;
			sourceTree = "<group>";
		};
/* End PBXGroup section */

/* Begin PBXNativeTarget section */
		FA163DC028137E770072D9FE /* PTGamblingTracker */ = {
			isa = PBXNativeTarget;
			buildConfigurationList = FA163DE528137E770072D9FE /* Build configuration list for PBXNativeTarget "PTGamblingTracker" */;
			buildPhases = (
				FA163DBD28137E770072D9FE /* Sources */,
				FA163DBE28137E770072D9FE /* Frameworks */,
				FA163DBF28137E770072D9FE /* Resources */,
			);
			buildRules = (
			);
			dependencies = (
			);
			name = PTGamblingTracker;
			packageProductDependencies = (
				FADFFA432813858B0066A4D6 /* SwinjectAutoregistration */,
			);
			productName = PTGamblingTracker;
			productReference = FA163DC128137E770072D9FE /* PTGamblingTracker.app */;
			productType = "com.apple.product-type.application";
		};
		FA163DD028137E770072D9FE /* PTGamblingTrackerTests */ = {
			isa = PBXNativeTarget;
			buildConfigurationList = FA163DE828137E770072D9FE /* Build configuration list for PBXNativeTarget "PTGamblingTrackerTests" */;
			buildPhases = (
				FA163DCD28137E770072D9FE /* Sources */,
				FA163DCE28137E770072D9FE /* Frameworks */,
				FA163DCF28137E770072D9FE /* Resources */,
			);
			buildRules = (
			);
			dependencies = (
				FA163DD328137E770072D9FE /* PBXTargetDependency */,
			);
			name = PTGamblingTrackerTests;
			productName = PTGamblingTrackerTests;
			productReference = FA163DD128137E770072D9FE /* PTGamblingTrackerTests.xctest */;
			productType = "com.apple.product-type.bundle.unit-test";
		};
/* End PBXNativeTarget section */

/* Begin PBXProject section */
		FA163DB928137E770072D9FE /* Project object */ = {
			isa = PBXProject;
			attributes = {
				BuildIndependentTargetsInParallel = 1;
				LastSwiftUpdateCheck = 1320;
				LastUpgradeCheck = 1320;
				TargetAttributes = {
					FA163DC028137E770072D9FE = {
						CreatedOnToolsVersion = 13.2;
					};
					FA163DD028137E770072D9FE = {
						CreatedOnToolsVersion = 13.2;
						TestTargetID = FA163DC028137E770072D9FE;
					};
				};
			};
			buildConfigurationList = FA163DBC28137E770072D9FE /* Build configuration list for PBXProject "PTGamblingTracker" */;
			compatibilityVersion = "Xcode 13.0";
			developmentRegion = en;
			hasScannedForEncodings = 0;
			knownRegions = (
				en,
				Base,
			);
			mainGroup = FA163DB828137E770072D9FE;
			packageReferences = (
				FADFFA422813858B0066A4D6 /* XCRemoteSwiftPackageReference "SwinjectAutoregistration" */,
			);
			productRefGroup = FA163DC228137E770072D9FE /* Products */;
			projectDirPath = "";
			projectRoot = "";
			targets = (
				FA163DC028137E770072D9FE /* PTGamblingTracker */,
				FA163DD028137E770072D9FE /* PTGamblingTrackerTests */,
			);
		};
/* End PBXProject section */

/* Begin PBXResourcesBuildPhase section */
		FA163DBF28137E770072D9FE /* Resources */ = {
			isa = PBXResourcesBuildPhase;
			buildActionMask = 2147483647;
			files = (
				FADFFA3C2813819B0066A4D6 /* Assets.xcassets in Resources */,
				FA163DCC28137E770072D9FE /* Preview Assets.xcassets in Resources */,
			);
			runOnlyForDeploymentPostprocessing = 0;
		};
		FA163DCF28137E770072D9FE /* Resources */ = {
			isa = PBXResourcesBuildPhase;
			buildActionMask = 2147483647;
			files = (
			);
			runOnlyForDeploymentPostprocessing = 0;
		};
/* End PBXResourcesBuildPhase section */

/* Begin PBXSourcesBuildPhase section */
		FA163DBD28137E770072D9FE /* Sources */ = {
			isa = PBXSourcesBuildPhase;
			buildActionMask = 2147483647;
			files = (
				FADFFA3428137FE50066A4D6 /* ContentView.swift in Sources */,
				FADFFA4B281385A40066A4D6 /* SingletonService.swift in Sources */,
				FADFFA3F281384E70066A4D6 /* BetsView.swift in Sources */,
				FADFFA4E281385A40066A4D6 /* IOC.swift in Sources */,
				FADFFA41281384ED0066A4D6 /* BetsViewModel.swift in Sources */,
				FADFFA4C281385A40066A4D6 /* GenericFactory.swift in Sources */,
				FADFFA3628137FEB0066A4D6 /* ScaleOfPTView.swift in Sources */,
				FADFFA3328137FE50066A4D6 /* PTGamblingTrackerApp.swift in Sources */,
				FADFFA392813807E0066A4D6 /* PTImage.swift in Sources */,
				FADFFA4D281385A40066A4D6 /* ErrorService.swift in Sources */,
			);
			runOnlyForDeploymentPostprocessing = 0;
		};
		FA163DCD28137E770072D9FE /* Sources */ = {
			isa = PBXSourcesBuildPhase;
			buildActionMask = 2147483647;
			files = (
				FA163DD628137E770072D9FE /* PTGamblingTrackerTests.swift in Sources */,
			);
			runOnlyForDeploymentPostprocessing = 0;
		};
/* End PBXSourcesBuildPhase section */

/* Begin PBXTargetDependency section */
		FA163DD328137E770072D9FE /* PBXTargetDependency */ = {
			isa = PBXTargetDependency;
			target = FA163DC028137E770072D9FE /* PTGamblingTracker */;
			targetProxy = FA163DD228137E770072D9FE /* PBXContainerItemProxy */;
		};
/* End PBXTargetDependency section */

/* Begin XCBuildConfiguration section */
		FA163DE328137E770072D9FE /* Debug */ = {
			isa = XCBuildConfiguration;
			buildSettings = {
				ALWAYS_SEARCH_USER_PATHS = NO;
				CLANG_ANALYZER_NONNULL = YES;
				CLANG_ANALYZER_NUMBER_OBJECT_CONVERSION = YES_AGGRESSIVE;
				CLANG_CXX_LANGUAGE_STANDARD = "gnu++17";
				CLANG_CXX_LIBRARY = "libc++";
				CLANG_ENABLE_MODULES = YES;
				CLANG_ENABLE_OBJC_ARC = YES;
				CLANG_ENABLE_OBJC_WEAK = YES;
				CLANG_WARN_BLOCK_CAPTURE_AUTORELEASING = YES;
				CLANG_WARN_BOOL_CONVERSION = YES;
				CLANG_WARN_COMMA = YES;
				CLANG_WARN_CONSTANT_CONVERSION = YES;
				CLANG_WARN_DEPRECATED_OBJC_IMPLEMENTATIONS = YES;
				CLANG_WARN_DIRECT_OBJC_ISA_USAGE = YES_ERROR;
				CLANG_WARN_DOCUMENTATION_COMMENTS = YES;
				CLANG_WARN_EMPTY_BODY = YES;
				CLANG_WARN_ENUM_CONVERSION = YES;
				CLANG_WARN_INFINITE_RECURSION = YES;
				CLANG_WARN_INT_CONVERSION = YES;
				CLANG_WARN_NON_LITERAL_NULL_CONVERSION = YES;
				CLANG_WARN_OBJC_IMPLICIT_RETAIN_SELF = YES;
				CLANG_WARN_OBJC_LITERAL_CONVERSION = YES;
				CLANG_WARN_OBJC_ROOT_CLASS = YES_ERROR;
				CLANG_WARN_QUOTED_INCLUDE_IN_FRAMEWORK_HEADER = YES;
				CLANG_WARN_RANGE_LOOP_ANALYSIS = YES;
				CLANG_WARN_STRICT_PROTOTYPES = YES;
				CLANG_WARN_SUSPICIOUS_MOVE = YES;
				CLANG_WARN_UNGUARDED_AVAILABILITY = YES_AGGRESSIVE;
				CLANG_WARN_UNREACHABLE_CODE = YES;
				CLANG_WARN__DUPLICATE_METHOD_MATCH = YES;
				COPY_PHASE_STRIP = NO;
				DEBUG_INFORMATION_FORMAT = dwarf;
				ENABLE_STRICT_OBJC_MSGSEND = YES;
				ENABLE_TESTABILITY = YES;
				GCC_C_LANGUAGE_STANDARD = gnu11;
				GCC_DYNAMIC_NO_PIC = NO;
				GCC_NO_COMMON_BLOCKS = YES;
				GCC_OPTIMIZATION_LEVEL = 0;
				GCC_PREPROCESSOR_DEFINITIONS = (
					"DEBUG=1",
					"$(inherited)",
				);
				GCC_WARN_64_TO_32_BIT_CONVERSION = YES;
				GCC_WARN_ABOUT_RETURN_TYPE = YES_ERROR;
				GCC_WARN_UNDECLARED_SELECTOR = YES;
				GCC_WARN_UNINITIALIZED_AUTOS = YES_AGGRESSIVE;
				GCC_WARN_UNUSED_FUNCTION = YES;
				GCC_WARN_UNUSED_VARIABLE = YES;
				IPHONEOS_DEPLOYMENT_TARGET = 15.2;
				MTL_ENABLE_DEBUG_INFO = INCLUDE_SOURCE;
				MTL_FAST_MATH = YES;
				ONLY_ACTIVE_ARCH = YES;
				SDKROOT = iphoneos;
				SWIFT_ACTIVE_COMPILATION_CONDITIONS = DEBUG;
				SWIFT_OPTIMIZATION_LEVEL = "-Onone";
			};
			name = Debug;
		};
		FA163DE428137E770072D9FE /* Release */ = {
			isa = XCBuildConfiguration;
			buildSettings = {
				ALWAYS_SEARCH_USER_PATHS = NO;
				CLANG_ANALYZER_NONNULL = YES;
				CLANG_ANALYZER_NUMBER_OBJECT_CONVERSION = YES_AGGRESSIVE;
				CLANG_CXX_LANGUAGE_STANDARD = "gnu++17";
				CLANG_CXX_LIBRARY = "libc++";
				CLANG_ENABLE_MODULES = YES;
				CLANG_ENABLE_OBJC_ARC = YES;
				CLANG_ENABLE_OBJC_WEAK = YES;
				CLANG_WARN_BLOCK_CAPTURE_AUTORELEASING = YES;
				CLANG_WARN_BOOL_CONVERSION = YES;
				CLANG_WARN_COMMA = YES;
				CLANG_WARN_CONSTANT_CONVERSION = YES;
				CLANG_WARN_DEPRECATED_OBJC_IMPLEMENTATIONS = YES;
				CLANG_WARN_DIRECT_OBJC_ISA_USAGE = YES_ERROR;
				CLANG_WARN_DOCUMENTATION_COMMENTS = YES;
				CLANG_WARN_EMPTY_BODY = YES;
				CLANG_WARN_ENUM_CONVERSION = YES;
				CLANG_WARN_INFINITE_RECURSION = YES;
				CLANG_WARN_INT_CONVERSION = YES;
				CLANG_WARN_NON_LITERAL_NULL_CONVERSION = YES;
				CLANG_WARN_OBJC_IMPLICIT_RETAIN_SELF = YES;
				CLANG_WARN_OBJC_LITERAL_CONVERSION = YES;
				CLANG_WARN_OBJC_ROOT_CLASS = YES_ERROR;
				CLANG_WARN_QUOTED_INCLUDE_IN_FRAMEWORK_HEADER = YES;
				CLANG_WARN_RANGE_LOOP_ANALYSIS = YES;
				CLANG_WARN_STRICT_PROTOTYPES = YES;
				CLANG_WARN_SUSPICIOUS_MOVE = YES;
				CLANG_WARN_UNGUARDED_AVAILABILITY = YES_AGGRESSIVE;
				CLANG_WARN_UNREACHABLE_CODE = YES;
				CLANG_WARN__DUPLICATE_METHOD_MATCH = YES;
				COPY_PHASE_STRIP = NO;
				DEBUG_INFORMATION_FORMAT = "dwarf-with-dsym";
				ENABLE_NS_ASSERTIONS = NO;
				ENABLE_STRICT_OBJC_MSGSEND = YES;
				GCC_C_LANGUAGE_STANDARD = gnu11;
				GCC_NO_COMMON_BLOCKS = YES;
				GCC_WARN_64_TO_32_BIT_CONVERSION = YES;
				GCC_WARN_ABOUT_RETURN_TYPE = YES_ERROR;
				GCC_WARN_UNDECLARED_SELECTOR = YES;
				GCC_WARN_UNINITIALIZED_AUTOS = YES_AGGRESSIVE;
				GCC_WARN_UNUSED_FUNCTION = YES;
				GCC_WARN_UNUSED_VARIABLE = YES;
				IPHONEOS_DEPLOYMENT_TARGET = 15.2;
				MTL_ENABLE_DEBUG_INFO = NO;
				MTL_FAST_MATH = YES;
				SDKROOT = iphoneos;
				SWIFT_COMPILATION_MODE = wholemodule;
				SWIFT_OPTIMIZATION_LEVEL = "-O";
				VALIDATE_PRODUCT = YES;
			};
			name = Release;
		};
		FA163DE628137E770072D9FE /* Debug */ = {
			isa = XCBuildConfiguration;
			buildSettings = {
				ASSETCATALOG_COMPILER_APPICON_NAME = AppIcon;
				ASSETCATALOG_COMPILER_GLOBAL_ACCENT_COLOR_NAME = AccentColor;
				CODE_SIGN_STYLE = Automatic;
				CURRENT_PROJECT_VERSION = 1;
				DEVELOPMENT_ASSET_PATHS = "\"PTGamblingTracker/Preview Content\"";
				DEVELOPMENT_TEAM = X4S6MUZL2D;
				ENABLE_PREVIEWS = YES;
				GENERATE_INFOPLIST_FILE = YES;
				INFOPLIST_KEY_UIApplicationSceneManifest_Generation = YES;
				INFOPLIST_KEY_UIApplicationSupportsIndirectInputEvents = YES;
				INFOPLIST_KEY_UILaunchScreen_Generation = YES;
				INFOPLIST_KEY_UISupportedInterfaceOrientations_iPad = "UIInterfaceOrientationPortrait UIInterfaceOrientationPortraitUpsideDown UIInterfaceOrientationLandscapeLeft UIInterfaceOrientationLandscapeRight";
				INFOPLIST_KEY_UISupportedInterfaceOrientations_iPhone = "UIInterfaceOrientationPortrait UIInterfaceOrientationLandscapeLeft UIInterfaceOrientationLandscapeRight";
				LD_RUNPATH_SEARCH_PATHS = (
					"$(inherited)",
					"@executable_path/Frameworks",
				);
				MARKETING_VERSION = 1.0;
				PRODUCT_BUNDLE_IDENTIFIER = com.skorulis.PTGamblingTracker;
				PRODUCT_NAME = "$(TARGET_NAME)";
				SWIFT_EMIT_LOC_STRINGS = YES;
				SWIFT_VERSION = 5.0;
				TARGETED_DEVICE_FAMILY = "1,2";
			};
			name = Debug;
		};
		FA163DE728137E770072D9FE /* Release */ = {
			isa = XCBuildConfiguration;
			buildSettings = {
				ASSETCATALOG_COMPILER_APPICON_NAME = AppIcon;
				ASSETCATALOG_COMPILER_GLOBAL_ACCENT_COLOR_NAME = AccentColor;
				CODE_SIGN_STYLE = Automatic;
				CURRENT_PROJECT_VERSION = 1;
				DEVELOPMENT_ASSET_PATHS = "\"PTGamblingTracker/Preview Content\"";
				DEVELOPMENT_TEAM = X4S6MUZL2D;
				ENABLE_PREVIEWS = YES;
				GENERATE_INFOPLIST_FILE = YES;
				INFOPLIST_KEY_UIApplicationSceneManifest_Generation = YES;
				INFOPLIST_KEY_UIApplicationSupportsIndirectInputEvents = YES;
				INFOPLIST_KEY_UILaunchScreen_Generation = YES;
				INFOPLIST_KEY_UISupportedInterfaceOrientations_iPad = "UIInterfaceOrientationPortrait UIInterfaceOrientationPortraitUpsideDown UIInterfaceOrientationLandscapeLeft UIInterfaceOrientationLandscapeRight";
				INFOPLIST_KEY_UISupportedInterfaceOrientations_iPhone = "UIInterfaceOrientationPortrait UIInterfaceOrientationLandscapeLeft UIInterfaceOrientationLandscapeRight";
				LD_RUNPATH_SEARCH_PATHS = (
					"$(inherited)",
					"@executable_path/Frameworks",
				);
				MARKETING_VERSION = 1.0;
				PRODUCT_BUNDLE_IDENTIFIER = com.skorulis.PTGamblingTracker;
				PRODUCT_NAME = "$(TARGET_NAME)";
				SWIFT_EMIT_LOC_STRINGS = YES;
				SWIFT_VERSION = 5.0;
				TARGETED_DEVICE_FAMILY = "1,2";
			};
			name = Release;
		};
		FA163DE928137E770072D9FE /* Debug */ = {
			isa = XCBuildConfiguration;
			buildSettings = {
				ALWAYS_EMBED_SWIFT_STANDARD_LIBRARIES = YES;
				BUNDLE_LOADER = "$(TEST_HOST)";
				CODE_SIGN_STYLE = Automatic;
				CURRENT_PROJECT_VERSION = 1;
				DEVELOPMENT_TEAM = X4S6MUZL2D;
				GENERATE_INFOPLIST_FILE = YES;
				IPHONEOS_DEPLOYMENT_TARGET = 15.2;
				MARKETING_VERSION = 1.0;
				PRODUCT_BUNDLE_IDENTIFIER = com.skorulis.PTGamblingTrackerTests;
				PRODUCT_NAME = "$(TARGET_NAME)";
				SWIFT_EMIT_LOC_STRINGS = NO;
				SWIFT_VERSION = 5.0;
				TARGETED_DEVICE_FAMILY = "1,2";
				TEST_HOST = "$(BUILT_PRODUCTS_DIR)/PTGamblingTracker.app/PTGamblingTracker";
			};
			name = Debug;
		};
		FA163DEA28137E770072D9FE /* Release */ = {
			isa = XCBuildConfiguration;
			buildSettings = {
				ALWAYS_EMBED_SWIFT_STANDARD_LIBRARIES = YES;
				BUNDLE_LOADER = "$(TEST_HOST)";
				CODE_SIGN_STYLE = Automatic;
				CURRENT_PROJECT_VERSION = 1;
				DEVELOPMENT_TEAM = X4S6MUZL2D;
				GENERATE_INFOPLIST_FILE = YES;
				IPHONEOS_DEPLOYMENT_TARGET = 15.2;
				MARKETING_VERSION = 1.0;
				PRODUCT_BUNDLE_IDENTIFIER = com.skorulis.PTGamblingTrackerTests;
				PRODUCT_NAME = "$(TARGET_NAME)";
				SWIFT_EMIT_LOC_STRINGS = NO;
				SWIFT_VERSION = 5.0;
				TARGETED_DEVICE_FAMILY = "1,2";
				TEST_HOST = "$(BUILT_PRODUCTS_DIR)/PTGamblingTracker.app/PTGamblingTracker";
			};
			name = Release;
		};
/* End XCBuildConfiguration section */

/* Begin XCConfigurationList section */
		FA163DBC28137E770072D9FE /* Build configuration list for PBXProject "PTGamblingTracker" */ = {
			isa = XCConfigurationList;
			buildConfigurations = (
				FA163DE328137E770072D9FE /* Debug */,
				FA163DE428137E770072D9FE /* Release */,
			);
			defaultConfigurationIsVisible = 0;
			defaultConfigurationName = Release;
		};
		FA163DE528137E770072D9FE /* Build configuration list for PBXNativeTarget "PTGamblingTracker" */ = {
			isa = XCConfigurationList;
			buildConfigurations = (
				FA163DE628137E770072D9FE /* Debug */,
				FA163DE728137E770072D9FE /* Release */,
			);
			defaultConfigurationIsVisible = 0;
			defaultConfigurationName = Release;
		};
		FA163DE828137E770072D9FE /* Build configuration list for PBXNativeTarget "PTGamblingTrackerTests" */ = {
			isa = XCConfigurationList;
			buildConfigurations = (
				FA163DE928137E770072D9FE /* Debug */,
				FA163DEA28137E770072D9FE /* Release */,
			);
			defaultConfigurationIsVisible = 0;
			defaultConfigurationName = Release;
		};
/* End XCConfigurationList section */

/* Begin XCRemoteSwiftPackageReference section */
		FADFFA422813858B0066A4D6 /* XCRemoteSwiftPackageReference "SwinjectAutoregistration" */ = {
			isa = XCRemoteSwiftPackageReference;
			repositoryURL = "https://github.com/Swinject/SwinjectAutoregistration";
			requirement = {
				branch = master;
				kind = branch;
			};
		};
/* End XCRemoteSwiftPackageReference section */

/* Begin XCSwiftPackageProductDependency section */
		FADFFA432813858B0066A4D6 /* SwinjectAutoregistration */ = {
			isa = XCSwiftPackageProductDependency;
			package = FADFFA422813858B0066A4D6 /* XCRemoteSwiftPackageReference "SwinjectAutoregistration" */;
			productName = SwinjectAutoregistration;
		};
/* End XCSwiftPackageProductDependency section */
	};
	rootObject = FA163DB928137E770072D9FE /* Project object */;
}
